<?xml version="1.0" encoding="UTF-8" standalone="yes" ?>
<CodeBlocks_project_file>
	<FileVersion major="1" minor="6" />
	<Project>
		<Option title="LetterPushGame" />
		<Option pch_mode="2" />
		<Option compiler="gcc" />
		<Build>
			<Target title="Debug">
				<Option output="bin/LetterPushGame" prefix_auto="1" extension_auto="1" />
				<Option object_output="bin/obj/" />
				<Option type="1" />
				<Option compiler="gcc" />
				<Compiler>
					<Add option="-g" />
				</Compiler>
			</Target>
			<Target title="Release">
				<Option output="bin/release/LetterPushGame" prefix_auto="1" extension_auto="1" />
				<Option object_output="bin/release/obj/" />
				<Option type="1" />
				<Option compiler="gcc" />
				<Compiler>
					<Add option="-O2" />
				</Compiler>
				<Linker>
					<Add option="-s" />
				</Linker>
			</Target>
		</Build>
		<Compiler>
			<Add option="-Wall" />
		</Compiler>
		<Unit filename="hpp/base.hpp">
			<Option target="Release" />
		</Unit>
		<Unit filename="hpp/player.hpp">
			<Option target="Release" />
		</Unit>
		<Unit filename="hpp/rlutil.h">
			<Option target="Release" />
		</Unit>
		<Unit filename="src/base.cpp">
			<Option target="Release" />
		</Unit>
		<Unit filename="src/main.cpp" />
		<Unit filename="src/player.cpp">
			<Option target="Release" />
		</Unit>
		<Extensions>
			<code_completion />
			<envvars />
			<debugger />
			<lib_finder disable_auto="1" />
		</Extensions>
	</Project>
</CodeBlocks_project_file>
